
Microsoft Visual Studio Solution File, Format Version 12.00
# Visual Studio Version 16
VisualStudioVersion = 16.0.29609.76
MinimumVisualStudioVersion = 10.0.40219.1
Project("{9A19103F-16F7-4668-BE54-9A1E7A4F7556}") = "BlueQuery", "BlueQuery\BlueQuery.csproj", "{99B93274-0EF4-4344-BC51-3141B582A83B}"
EndProject
Project("{9A19103F-16F7-4668-BE54-9A1E7A4F7556}") = "BlueQueryLibrary", "BlueQueryLibrary\BlueQueryLibrary.csproj", "{41703586-DE6F-40C9-BBC0-E57823DF770A}"
EndProject
Global
	GlobalSection(SolutionConfigurationPlatforms) = preSolution
		Debug|Any CPU = Debug|Any CPU
		Release|Any CPU = Release|Any CPU
	EndGlobalSection
	GlobalSection(ProjectConfigurationPlatforms) = postSolution
		{99B93274-0EF4-4344-BC51-3141B582A83B}.Debug|Any CPU.ActiveCfg = Debug|Any CPU
		{99B93274-0EF4-4344-BC51-3141B582A83B}.Debug|Any CPU.Build.0 = Debug|Any CPU
		{99B93274-0EF4-4344-BC51-3141B582A83B}.Release|Any CPU.ActiveCfg = Debug|Any CPU
		{99B93274-0EF4-4344-BC51-3141B582A83B}.Release|Any CPU.Build.0 = Debug|Any CPU
		{41703586-DE6F-40C9-BBC0-E57823DF770A}.Debug|Any CPU.ActiveCfg = Debug|Any CPU
		{41703586-DE6F-40C9-BBC0-E57823DF770A}.Debug|Any CPU.Build.0 = Debug|Any CPU
		{41703586-DE6F-40C9-BBC0-E57823DF770A}.Release|Any CPU.ActiveCfg = Debug|Any CPU
		{41703586-DE6F-40C9-BBC0-E57823DF770A}.Release|Any CPU.Build.0 = Debug|Any CPU
	EndGlobalSection
	GlobalSection(SolutionProperties) = preSolution
		HideSolutionNode = FALSE
	EndGlobalSection
	GlobalSection(ExtensibilityGlobals) = postSolution
		SolutionGuid = {6983C2DA-1B50-4EF3-8D62-6B0300418DC8}
	EndGlobalSection
EndGlobal
